# THIS IS AN AUTOGENERATED FILE. DO NOT EDIT THIS FILE DIRECTLY.
# yarn lockfile v1


"@esbuild/android-arm@0.15.13":
  version "0.15.13"
  resolved "https://registry.yarnpkg.com/@esbuild/android-arm/-/android-arm-0.15.13.tgz#ce11237a13ee76d5eae3908e47ba4ddd380af86a"
  integrity sha512-RY2fVI8O0iFUNvZirXaQ1vMvK0xhCcl0gqRj74Z6yEiO1zAUa7hbsdwZM1kzqbxHK7LFyMizipfXT3JME+12Hw==

"@esbuild/linux-loong64@0.15.13":
  version "0.15.13"
  resolved "https://registry.yarnpkg.com/@esbuild/linux-loong64/-/linux-loong64-0.15.13.tgz#64e8825bf0ce769dac94ee39d92ebe6272020dfc"
  integrity sha512-+BoyIm4I8uJmH/QDIH0fu7MG0AEx9OXEDXnqptXCwKOlOqZiS4iraH1Nr7/ObLMokW3sOCeBNyD68ATcV9b9Ag==

"@mapbox/jsonlint-lines-primitives@~2.0.2":
  version "2.0.2"
  resolved "https://registry.yarnpkg.com/@mapbox/jsonlint-lines-primitives/-/jsonlint-lines-primitives-2.0.2.tgz#ce56e539f83552b58d10d672ea4d6fc9adc7b234"
  integrity sha512-rY0o9A5ECsTQRVhv7tL/OyDpGAoUB4tTvLiW1DSzQGq4bvTPhNw1VpSNjDJc5GFZ2XuyOtSWSVN05qOtcD71qQ==

"@mapbox/mapbox-gl-style-spec@^13.23.1":
  version "13.26.0"
  resolved "https://registry.yarnpkg.com/@mapbox/mapbox-gl-style-spec/-/mapbox-gl-style-spec-13.26.0.tgz#11114c5b434bc54ff5edf481ebeb8a3f2905dda4"
  integrity sha512-Ya1WiNz1qYau7xPYPQUbionrw9pjgZAIebGQdDXgwJuSAWeVCr02P7rqbYFHbXqX5TeAaq4qVpcaJb9oZtgaVQ==
  dependencies:
    "@mapbox/jsonlint-lines-primitives" "~2.0.2"
    "@mapbox/point-geometry" "^0.1.0"
    "@mapbox/unitbezier" "^0.0.0"
    csscolorparser "~1.0.2"
    json-stringify-pretty-compact "^2.0.0"
    minimist "^1.2.6"
    rw "^1.3.3"
    sort-object "^0.3.2"

"@mapbox/point-geometry@^0.1.0":
  version "0.1.0"
  resolved "https://registry.yarnpkg.com/@mapbox/point-geometry/-/point-geometry-0.1.0.tgz#8a83f9335c7860effa2eeeca254332aa0aeed8f2"
  integrity sha512-6j56HdLTwWGO0fJPlrZtdU/B13q8Uwmo18Ck2GnGgN9PCFyKTZ3UbXeEdRFh18i9XQ92eH2VdtpJHpBD3aripQ==

"@mapbox/unitbezier@^0.0.0":
  version "0.0.0"
  resolved "https://registry.yarnpkg.com/@mapbox/unitbezier/-/unitbezier-0.0.0.tgz#15651bd553a67b8581fb398810c98ad86a34524e"
  integrity sha512-HPnRdYO0WjFjRTSwO3frz1wKaU649OBFPX3Zo/2WZvuRi6zMiRGui8SnPQiQABgqCf8YikDe5t3HViTVw1WUzA==

"@petamoriken/float16@^3.4.7":
  version "3.6.6"
  resolved "https://registry.yarnpkg.com/@petamoriken/float16/-/float16-3.6.6.tgz#641f73913a6be402b34e4bdfca98d6832ed55586"
  integrity sha512-3MUulwMtsdCA9lw8a/Kc0XDBJJVCkYTQ5aGd+///TbfkOMXoOGAzzoiYKwPEsLYZv7He7fKJ/mCacqKOO7REyg==

"@types/jquery@^3.5.14":
  version "3.5.14"
  resolved "https://registry.yarnpkg.com/@types/jquery/-/jquery-3.5.14.tgz#ac8e11ee591e94d4d58da602cb3a5a8320dee577"
  integrity sha512-X1gtMRMbziVQkErhTQmSe2jFwwENA/Zr+PprCkF63vFq+Yt5PZ4AlKqgmeNlwgn7dhsXEK888eIW2520EpC+xg==
  dependencies:
    "@types/sizzle" "*"

"@types/proj4@^2.5.2":
  version "2.5.2"
  resolved "https://registry.yarnpkg.com/@types/proj4/-/proj4-2.5.2.tgz#e3afa4e09e5cf08d8bc74e1b3de3b2111324ee33"
  integrity sha512-/Nmfn9p08yaYw6xo5f2b0L+2oHk2kZeOkp5v+4VCeNfq+ETlLQbmHmC97/pjDIEZy8jxwz7pdPpwNzDHM5cuJw==

"@types/sizzle@*":
  version "2.3.3"
  resolved "https://registry.yarnpkg.com/@types/sizzle/-/sizzle-2.3.3.tgz#ff5e2f1902969d305225a047c8a0fd5c915cebef"
  integrity sha512-JYM8x9EGF163bEyhdJBpR2QX1R5naCJHC8ucJylJ3w9/CVBaskdQ8WqBf8MmQrd1kRvp/a4TS8HJ+bxzR7ZJYQ==

csscolorparser@~1.0.2:
  version "1.0.3"
  resolved "https://registry.yarnpkg.com/csscolorparser/-/csscolorparser-1.0.3.tgz#b34f391eea4da8f3e98231e2ccd8df9c041f171b"
  integrity sha512-umPSgYwZkdFoUrH5hIq5kf0wPSXiro51nPw0j2K/c83KflkPSTBGMz6NJvMB+07VlL0y7VPo6QJcDjcgKTTm3w==

earcut@^2.2.3:
  version "2.2.4"
  resolved "https://registry.yarnpkg.com/earcut/-/earcut-2.2.4.tgz#6d02fd4d68160c114825d06890a92ecaae60343a"
  integrity sha512-/pjZsA1b4RPHbeWZQn66SWS8nZZWLQQ23oE3Eam7aroEFGEvwKAsJfZ9ytiEMycfzXWpca4FA9QIOehf7PocBQ==

esbuild-android-64@0.15.13:
  version "0.15.13"
  resolved "https://registry.yarnpkg.com/esbuild-android-64/-/esbuild-android-64-0.15.13.tgz#5f25864055dbd62e250f360b38b4c382224063af"
  integrity sha512-yRorukXBlokwTip+Sy4MYskLhJsO0Kn0/Fj43s1krVblfwP+hMD37a4Wmg139GEsMLl+vh8WXp2mq/cTA9J97g==

esbuild-android-arm64@0.15.13:
  version "0.15.13"
  resolved "https://registry.yarnpkg.com/esbuild-android-arm64/-/esbuild-android-arm64-0.15.13.tgz#d8820f999314efbe8e0f050653a99ff2da632b0f"
  integrity sha512-TKzyymLD6PiVeyYa4c5wdPw87BeAiTXNtK6amWUcXZxkV51gOk5u5qzmDaYSwiWeecSNHamFsaFjLoi32QR5/w==

esbuild-darwin-64@0.15.13:
  version "0.15.13"
  resolved "https://registry.yarnpkg.com/esbuild-darwin-64/-/esbuild-darwin-64-0.15.13.tgz#99ae7fdaa43947b06cd9d1a1c3c2c9f245d81fd0"
  integrity sha512-WAx7c2DaOS6CrRcoYCgXgkXDliLnFv3pQLV6GeW1YcGEZq2Gnl8s9Pg7ahValZkpOa0iE/ojRVQ87sbUhF1Cbg==

esbuild-darwin-arm64@0.15.13:
  version "0.15.13"
  resolved "https://registry.yarnpkg.com/esbuild-darwin-arm64/-/esbuild-darwin-arm64-0.15.13.tgz#bafa1814354ad1a47adcad73de416130ef7f55e3"
  integrity sha512-U6jFsPfSSxC3V1CLiQqwvDuj3GGrtQNB3P3nNC3+q99EKf94UGpsG9l4CQ83zBs1NHrk1rtCSYT0+KfK5LsD8A==

esbuild-freebsd-64@0.15.13:
  version "0.15.13"
  resolved "https://registry.yarnpkg.com/esbuild-freebsd-64/-/esbuild-freebsd-64-0.15.13.tgz#84ef85535c5cc38b627d1c5115623b088d1de161"
  integrity sha512-whItJgDiOXaDG/idy75qqevIpZjnReZkMGCgQaBWZuKHoElDJC1rh7MpoUgupMcdfOd+PgdEwNQW9DAE6i8wyA==

esbuild-freebsd-arm64@0.15.13:
  version "0.15.13"
  resolved "https://registry.yarnpkg.com/esbuild-freebsd-arm64/-/esbuild-freebsd-arm64-0.15.13.tgz#033f21de434ec8e0c478054b119af8056763c2d8"
  integrity sha512-6pCSWt8mLUbPtygv7cufV0sZLeylaMwS5Fznj6Rsx9G2AJJsAjQ9ifA+0rQEIg7DwJmi9it+WjzNTEAzzdoM3Q==

esbuild-linux-32@0.15.13:
  version "0.15.13"
  resolved "https://registry.yarnpkg.com/esbuild-linux-32/-/esbuild-linux-32-0.15.13.tgz#54290ea8035cba0faf1791ce9ae6693005512535"
  integrity sha512-VbZdWOEdrJiYApm2kkxoTOgsoCO1krBZ3quHdYk3g3ivWaMwNIVPIfEE0f0XQQ0u5pJtBsnk2/7OPiCFIPOe/w==

esbuild-linux-64@0.15.13:
  version "0.15.13"
  resolved "https://registry.yarnpkg.com/esbuild-linux-64/-/esbuild-linux-64-0.15.13.tgz#4264249281ea388ead948614b57fb1ddf7779a2c"
  integrity sha512-rXmnArVNio6yANSqDQlIO4WiP+Cv7+9EuAHNnag7rByAqFVuRusLbGi2697A5dFPNXoO//IiogVwi3AdcfPC6A==

esbuild-linux-arm64@0.15.13:
  version "0.15.13"
  resolved "https://registry.yarnpkg.com/esbuild-linux-arm64/-/esbuild-linux-arm64-0.15.13.tgz#9323c333924f97a02bdd2ae8912b36298acb312d"
  integrity sha512-alEMGU4Z+d17U7KQQw2IV8tQycO6T+rOrgW8OS22Ua25x6kHxoG6Ngry6Aq6uranC+pNWNMB6aHFPh7aTQdORQ==

esbuild-linux-arm@0.15.13:
  version "0.15.13"
  resolved "https://registry.yarnpkg.com/esbuild-linux-arm/-/esbuild-linux-arm-0.15.13.tgz#b407f47b3ae721fe4e00e19e9f19289bef87a111"
  integrity sha512-Ac6LpfmJO8WhCMQmO253xX2IU2B3wPDbl4IvR0hnqcPrdfCaUa2j/lLMGTjmQ4W5JsJIdHEdW12dG8lFS0MbxQ==

esbuild-linux-mips64le@0.15.13:
  version "0.15.13"
  resolved "https://registry.yarnpkg.com/esbuild-linux-mips64le/-/esbuild-linux-mips64le-0.15.13.tgz#bdf905aae5c0bcaa8f83567fe4c4c1bdc1f14447"
  integrity sha512-47PgmyYEu+yN5rD/MbwS6DxP2FSGPo4Uxg5LwIdxTiyGC2XKwHhHyW7YYEDlSuXLQXEdTO7mYe8zQ74czP7W8A==

esbuild-linux-ppc64le@0.15.13:
  version "0.15.13"
  resolved "https://registry.yarnpkg.com/esbuild-linux-ppc64le/-/esbuild-linux-ppc64le-0.15.13.tgz#2911eae1c90ff58a3bd3259cb557235df25aa3b4"
  integrity sha512-z6n28h2+PC1Ayle9DjKoBRcx/4cxHoOa2e689e2aDJSaKug3jXcQw7mM+GLg+9ydYoNzj8QxNL8ihOv/OnezhA==

esbuild-linux-riscv64@0.15.13:
  version "0.15.13"
  resolved "https://registry.yarnpkg.com/esbuild-linux-riscv64/-/esbuild-linux-riscv64-0.15.13.tgz#1837c660be12b1d20d2a29c7189ea703f93e9265"
  integrity sha512-+Lu4zuuXuQhgLUGyZloWCqTslcCAjMZH1k3Xc9MSEJEpEFdpsSU0sRDXAnk18FKOfEjhu4YMGaykx9xjtpA6ow==

esbuild-linux-s390x@0.15.13:
  version "0.15.13"
  resolved "https://registry.yarnpkg.com/esbuild-linux-s390x/-/esbuild-linux-s390x-0.15.13.tgz#d52880ece229d1bd10b2d936b792914ffb07c7fc"
  integrity sha512-BMeXRljruf7J0TMxD5CIXS65y7puiZkAh+s4XFV9qy16SxOuMhxhVIXYLnbdfLrsYGFzx7U9mcdpFWkkvy/Uag==

esbuild-netbsd-64@0.15.13:
  version "0.15.13"
  resolved "https://registry.yarnpkg.com/esbuild-netbsd-64/-/esbuild-netbsd-64-0.15.13.tgz#de14da46f1d20352b43e15d97a80a8788275e6ed"
  integrity sha512-EHj9QZOTel581JPj7UO3xYbltFTYnHy+SIqJVq6yd3KkCrsHRbapiPb0Lx3EOOtybBEE9EyqbmfW1NlSDsSzvQ==

esbuild-openbsd-64@0.15.13:
  version "0.15.13"
  resolved "https://registry.yarnpkg.com/esbuild-openbsd-64/-/esbuild-openbsd-64-0.15.13.tgz#45e8a5fd74d92ad8f732c43582369c7990f5a0ac"
  integrity sha512-nkuDlIjF/sfUhfx8SKq0+U+Fgx5K9JcPq1mUodnxI0x4kBdCv46rOGWbuJ6eof2n3wdoCLccOoJAbg9ba/bT2w==

esbuild-sunos-64@0.15.13:
  version "0.15.13"
  resolved "https://registry.yarnpkg.com/esbuild-sunos-64/-/esbuild-sunos-64-0.15.13.tgz#f646ac3da7aac521ee0fdbc192750c87da697806"
  integrity sha512-jVeu2GfxZQ++6lRdY43CS0Tm/r4WuQQ0Pdsrxbw+aOrHQPHV0+LNOLnvbN28M7BSUGnJnHkHm2HozGgNGyeIRw==

esbuild-windows-32@0.15.13:
  version "0.15.13"
  resolved "https://registry.yarnpkg.com/esbuild-windows-32/-/esbuild-windows-32-0.15.13.tgz#fb4fe77c7591418880b3c9b5900adc4c094f2401"
  integrity sha512-XoF2iBf0wnqo16SDq+aDGi/+QbaLFpkiRarPVssMh9KYbFNCqPLlGAWwDvxEVz+ywX6Si37J2AKm+AXq1kC0JA==

esbuild-windows-64@0.15.13:
  version "0.15.13"
  resolved "https://registry.yarnpkg.com/esbuild-windows-64/-/esbuild-windows-64-0.15.13.tgz#1fca8c654392c0c31bdaaed168becfea80e20660"
  integrity sha512-Et6htEfGycjDrtqb2ng6nT+baesZPYQIW+HUEHK4D1ncggNrDNk3yoboYQ5KtiVrw/JaDMNttz8rrPubV/fvPQ==

esbuild-windows-arm64@0.15.13:
  version "0.15.13"
  resolved "https://registry.yarnpkg.com/esbuild-windows-arm64/-/esbuild-windows-arm64-0.15.13.tgz#4ffd01b6b2888603f1584a2fe96b1f6a6f2b3dd8"
  integrity sha512-3bv7tqntThQC9SWLRouMDmZnlOukBhOCTlkzNqzGCmrkCJI7io5LLjwJBOVY6kOUlIvdxbooNZwjtBvj+7uuVg==

esbuild@^0.15.9:
  version "0.15.13"
  resolved "https://registry.yarnpkg.com/esbuild/-/esbuild-0.15.13.tgz#7293480038feb2bafa91d3f6a20edab3ba6c108a"
  integrity sha512-Cu3SC84oyzzhrK/YyN4iEVy2jZu5t2fz66HEOShHURcjSkOSAVL8C/gfUT+lDJxkVHpg8GZ10DD0rMHRPqMFaQ==
  optionalDependencies:
    "@esbuild/android-arm" "0.15.13"
    "@esbuild/linux-loong64" "0.15.13"
    esbuild-android-64 "0.15.13"
    esbuild-android-arm64 "0.15.13"
    esbuild-darwin-64 "0.15.13"
    esbuild-darwin-arm64 "0.15.13"
    esbuild-freebsd-64 "0.15.13"
    esbuild-freebsd-arm64 "0.15.13"
    esbuild-linux-32 "0.15.13"
    esbuild-linux-64 "0.15.13"
    esbuild-linux-arm "0.15.13"
    esbuild-linux-arm64 "0.15.13"
    esbuild-linux-mips64le "0.15.13"
    esbuild-linux-ppc64le "0.15.13"
    esbuild-linux-riscv64 "0.15.13"
    esbuild-linux-s390x "0.15.13"
    esbuild-netbsd-64 "0.15.13"
    esbuild-openbsd-64 "0.15.13"
    esbuild-sunos-64 "0.15.13"
    esbuild-windows-32 "0.15.13"
    esbuild-windows-64 "0.15.13"
    esbuild-windows-arm64 "0.15.13"

fsevents@~2.3.2:
  version "2.3.2"
  resolved "https://registry.yarnpkg.com/fsevents/-/fsevents-2.3.2.tgz#8a526f78b8fdf4623b709e0b975c52c24c02fd1a"
  integrity sha512-xiqMQR4xAeHTuB9uWm+fFRcIOgKBMiOBP+eXiyT7jsgVCq1bkVygt00oASowB7EdtpOHaaPgKt812P9ab+DDKA==

function-bind@^1.1.1:
  version "1.1.1"
  resolved "https://registry.yarnpkg.com/function-bind/-/function-bind-1.1.1.tgz#a56899d3ea3c9bab874bb9773b7c5ede92f4895d"
  integrity sha512-yIovAzMX49sF8Yl58fSCWJ5svSLuaibPxXQJFLmBObTuCr0Mf1KiPopGM9NiFjiYBCbfaa2Fh6breQ6ANVTI0A==

geotiff@2.0.4:
  version "2.0.4"
  resolved "https://registry.yarnpkg.com/geotiff/-/geotiff-2.0.4.tgz#d6f231fdd76186aba21c61823ed759fcbf5d4f86"
  integrity sha512-aG8h9bJccGusioPsEWsEqx8qdXpZN71A20WCvRKGxcnHSOWLKmC5ZmsAmodfxb9TRQvs+89KikGuPzxchhA+Uw==
  dependencies:
    "@petamoriken/float16" "^3.4.7"
    lerc "^3.0.0"
    lru-cache "^6.0.0"
    pako "^2.0.4"
    parse-headers "^2.0.2"
    web-worker "^1.2.0"
    xml-utils "^1.0.2"

has@^1.0.3:
  version "1.0.3"
  resolved "https://registry.yarnpkg.com/has/-/has-1.0.3.tgz#722d7cbfc1f6aa8241f16dd814e011e1f41e8796"
  integrity sha512-f2dvO0VU6Oej7RkWJGrehjbzMAjFp5/VKPp5tTpWIV4JHHZK1/BxbFRtf/siA2SWTe09caDmVtYYzWEIbBS4zw==
  dependencies:
    function-bind "^1.1.1"

ieee754@^1.1.12:
  version "1.2.1"
  resolved "https://registry.yarnpkg.com/ieee754/-/ieee754-1.2.1.tgz#8eb7a10a63fff25d15a57b001586d177d1b0d352"
  integrity sha512-dcyqhDvX1C46lXZcVqCpK+FtMRQVdIMN6/Df5js2zouUsqG7I6sFxitIC+7KYK29KdXOLHdu9zL4sFnoVQnqaA==

is-core-module@^2.9.0:
  version "2.11.0"
  resolved "https://registry.yarnpkg.com/is-core-module/-/is-core-module-2.11.0.tgz#ad4cb3e3863e814523c96f3f58d26cc570ff0144"
  integrity sha512-RRjxlvLDkD1YJwDbroBHMb+cukurkDWNyHx7D3oNB5x9rb5ogcksMC5wHCadcXoo67gVr/+3GFySh3134zi6rw==
  dependencies:
    has "^1.0.3"

jquery@^3.6.1:
  version "3.6.1"
  resolved "https://registry.yarnpkg.com/jquery/-/jquery-3.6.1.tgz#fab0408f8b45fc19f956205773b62b292c147a16"
  integrity sha512-opJeO4nCucVnsjiXOE+/PcCgYw9Gwpvs/a6B1LL/lQhwWwpbVEVYDZ1FokFr8PRc7ghYlrFPuyHuiiDNTQxmcw==

json-stringify-pretty-compact@^2.0.0:
  version "2.0.0"
  resolved "https://registry.yarnpkg.com/json-stringify-pretty-compact/-/json-stringify-pretty-compact-2.0.0.tgz#e77c419f52ff00c45a31f07f4c820c2433143885"
  integrity sha512-WRitRfs6BGq4q8gTgOy4ek7iPFXjbra0H3PmDLKm2xnZ+Gh1HUhiKGgCZkSPNULlP7mvfu6FV/mOLhCarspADQ==

lerc@^3.0.0:
  version "3.0.0"
  resolved "https://registry.yarnpkg.com/lerc/-/lerc-3.0.0.tgz#36f36fbd4ba46f0abf4833799fff2e7d6865f5cb"
  integrity sha512-Rm4J/WaHhRa93nCN2mwWDZFoRVF18G1f47C+kvQWyHGEZxFpTUi73p7lMVSAndyxGt6lJ2/CFbOcf9ra5p8aww==

lru-cache@^6.0.0:
  version "6.0.0"
  resolved "https://registry.yarnpkg.com/lru-cache/-/lru-cache-6.0.0.tgz#6d6fe6570ebd96aaf90fcad1dafa3b2566db3a94"
  integrity sha512-Jo6dJ04CmSjuznwJSS3pUeWmd/H0ffTlkXXgwZi+eq1UCmqQwCh+eLsYOYCwY991i2Fah4h1BEMCx4qThGbsiA==
  dependencies:
    yallist "^4.0.0"

mapbox-to-css-font@^2.4.1:
  version "2.4.1"
  resolved "https://registry.yarnpkg.com/mapbox-to-css-font/-/mapbox-to-css-font-2.4.1.tgz#41bf38faed36b7dab069828aa3654e4bd91a1eda"
  integrity sha512-QQ/iKiM43DM9+aujTL45Iz5o7gDeSFmy4LPl3HZmNcwCE++NxGazf+yFpY+wCb+YS23sDa1ghpo3zrNFOcHlow==

mgrs@1.0.0:
  version "1.0.0"
  resolved "https://registry.yarnpkg.com/mgrs/-/mgrs-1.0.0.tgz#fb91588e78c90025672395cb40b25f7cd6ad1829"
  integrity sha512-awNbTOqCxK1DBGjalK3xqWIstBZgN6fxsMSiXLs9/spqWkF2pAhb2rrYCFSsr1/tT7PhcDGjZndG8SWYn0byYA==

minimist@^1.2.6:
  version "1.2.7"
  resolved "https://registry.yarnpkg.com/minimist/-/minimist-1.2.7.tgz#daa1c4d91f507390437c6a8bc01078e7000c4d18"
  integrity sha512-bzfL1YUZsP41gmu/qjrEk0Q6i2ix/cVeAhbCbqH9u3zYutS1cLg00qhrD0M2MVdCcx4Sc0UpP2eBWo9rotpq6g==

nanoid@^3.3.4:
  version "3.3.4"
  resolved "https://registry.yarnpkg.com/nanoid/-/nanoid-3.3.4.tgz#730b67e3cd09e2deacf03c027c81c9d9dbc5e8ab"
  integrity sha512-MqBkQh/OHTS2egovRtLk45wEyNXwF+cokD+1YPf9u5VfJiRdAiRwB2froX5Co9Rh20xs4siNPm8naNotSD6RBw==

ol-mapbox-style@9.1.0:
  version "9.1.0"
  resolved "https://registry.yarnpkg.com/ol-mapbox-style/-/ol-mapbox-style-9.1.0.tgz#1504b1a2c3cc23482c3c95cd55a1cf1d2ac8a451"
  integrity sha512-R/XE6FdviaXNdnSw6ItHSEreMtQU68cwQCGv4Kl8yG0V1dZhnI5JWr8IOphJwffPVxfWTCnJb5aALGSB89MvhA==
  dependencies:
    "@mapbox/mapbox-gl-style-spec" "^13.23.1"
    mapbox-to-css-font "^2.4.1"

ol@^7.1.0:
  version "7.1.0"
  resolved "https://registry.yarnpkg.com/ol/-/ol-7.1.0.tgz#aab69a0539e59d6a4361cbc0f69f8b00c7298c9c"
  integrity sha512-mAeV5Ca4mFhYaJoGWNZnIMN5VNnFTf63FgZjBiYu/DjQDGKNsD5QyvvqVziioVdOOgl6b8rPB/ypj2XNBinPwA==
  dependencies:
    earcut "^2.2.3"
    geotiff "2.0.4"
    ol-mapbox-style "9.1.0"
    pbf "3.2.1"
    rbush "^3.0.1"

pako@^2.0.4:
  version "2.1.0"
  resolved "https://registry.yarnpkg.com/pako/-/pako-2.1.0.tgz#266cc37f98c7d883545d11335c00fbd4062c9a86"
  integrity sha512-w+eufiZ1WuJYgPXbV/PO3NCMEc3xqylkKHzp8bxp1uW4qaSNQUkwmLLEc3kKsfz8lpV1F8Ht3U1Cm+9Srog2ug==

parse-headers@^2.0.2:
  version "2.0.5"
  resolved "https://registry.yarnpkg.com/parse-headers/-/parse-headers-2.0.5.tgz#069793f9356a54008571eb7f9761153e6c770da9"
  integrity sha512-ft3iAoLOB/MlwbNXgzy43SWGP6sQki2jQvAyBg/zDFAgr9bfNWZIUj42Kw2eJIl8kEi4PbgE6U1Zau/HwI75HA==

path-parse@^1.0.7:
  version "1.0.7"
  resolved "https://registry.yarnpkg.com/path-parse/-/path-parse-1.0.7.tgz#fbc114b60ca42b30d9daf5858e4bd68bbedb6735"
  integrity sha512-LDJzPVEEEPR+y48z93A0Ed0yXb8pAByGWo/k5YYdYgpY2/2EsOsksJrq7lOHxryrVOn1ejG6oAp8ahvOIQD8sw==

pbf@3.2.1:
  version "3.2.1"
  resolved "https://registry.yarnpkg.com/pbf/-/pbf-3.2.1.tgz#b4c1b9e72af966cd82c6531691115cc0409ffe2a"
  integrity sha512-ClrV7pNOn7rtmoQVF4TS1vyU0WhYRnP92fzbfF75jAIwpnzdJXf8iTd4CMEqO4yUenH6NDqLiwjqlh6QgZzgLQ==
  dependencies:
    ieee754 "^1.1.12"
    resolve-protobuf-schema "^2.1.0"

picocolors@^1.0.0:
  version "1.0.0"
  resolved "https://registry.yarnpkg.com/picocolors/-/picocolors-1.0.0.tgz#cb5bdc74ff3f51892236eaf79d68bc44564ab81c"
  integrity sha512-1fygroTLlHu66zi26VoTDv8yRgm0Fccecssto+MhsZ0D/DGW2sm8E8AjW7NU5VVTRt5GxbeZ5qBuJr+HyLYkjQ==

postcss@^8.4.18:
  version "8.4.18"
  resolved "https://registry.yarnpkg.com/postcss/-/postcss-8.4.18.tgz#6d50046ea7d3d66a85e0e782074e7203bc7fbca2"
  integrity sha512-Wi8mWhncLJm11GATDaQKobXSNEYGUHeQLiQqDFG1qQ5UTDPTEvKw0Xt5NsTpktGTwLps3ByrWsBrG0rB8YQ9oA==
  dependencies:
    nanoid "^3.3.4"
    picocolors "^1.0.0"
    source-map-js "^1.0.2"

proj4@^2.8.0:
  version "2.8.0"
  resolved "https://registry.yarnpkg.com/proj4/-/proj4-2.8.0.tgz#b2cb8f3ccd56d4dcc7c3e46155cd02caa804b170"
  integrity sha512-baC+YcD4xsSqJ+CpCZljj2gcQDhlKb+J+Zjv/2KSBwWNjk4M0pafgQsE+mWurd84tflMIsP+7j7mtIpFDHzQfQ==
  dependencies:
    mgrs "1.0.0"
    wkt-parser "^1.3.1"

protocol-buffers-schema@^3.3.1:
  version "3.6.0"
  resolved "https://registry.yarnpkg.com/protocol-buffers-schema/-/protocol-buffers-schema-3.6.0.tgz#77bc75a48b2ff142c1ad5b5b90c94cd0fa2efd03"
  integrity sha512-TdDRD+/QNdrCGCE7v8340QyuXd4kIWIgapsE2+n/SaGiSSbomYl4TjHlvIoCWRpE7wFt02EpB35VVA2ImcBVqw==

quickselect@^2.0.0:
  version "2.0.0"
  resolved "https://registry.yarnpkg.com/quickselect/-/quickselect-2.0.0.tgz#f19680a486a5eefb581303e023e98faaf25dd018"
  integrity sha512-RKJ22hX8mHe3Y6wH/N3wCM6BWtjaxIyyUIkpHOvfFnxdI4yD4tBXEBKSbriGujF6jnSVkJrffuo6vxACiSSxIw==

rbush@^3.0.1:
  version "3.0.1"
  resolved "https://registry.yarnpkg.com/rbush/-/rbush-3.0.1.tgz#5fafa8a79b3b9afdfe5008403a720cc1de882ecf"
  integrity sha512-XRaVO0YecOpEuIvbhbpTrZgoiI6xBlz6hnlr6EHhd+0x9ase6EmeN+hdwwUaJvLcsFFQ8iWVF1GAK1yB0BWi0w==
  dependencies:
    quickselect "^2.0.0"

resolve-protobuf-schema@^2.1.0:
  version "2.1.0"
  resolved "https://registry.yarnpkg.com/resolve-protobuf-schema/-/resolve-protobuf-schema-2.1.0.tgz#9ca9a9e69cf192bbdaf1006ec1973948aa4a3758"
  integrity sha512-kI5ffTiZWmJaS/huM8wZfEMer1eRd7oJQhDuxeCLe3t7N7mX3z94CN0xPxBQxFYQTSNz9T0i+v6inKqSdK8xrQ==
  dependencies:
    protocol-buffers-schema "^3.3.1"

resolve@^1.22.1:
  version "1.22.1"
  resolved "https://registry.yarnpkg.com/resolve/-/resolve-1.22.1.tgz#27cb2ebb53f91abb49470a928bba7558066ac177"
  integrity sha512-nBpuuYuY5jFsli/JIs1oldw6fOQCBioohqWZg/2hiaOybXOft4lonv85uDOKXdf8rhyK159cxU5cDcK/NKk8zw==
  dependencies:
    is-core-module "^2.9.0"
    path-parse "^1.0.7"
    supports-preserve-symlinks-flag "^1.0.0"

rollup@^2.79.1:
  version "2.79.1"
  resolved "https://registry.yarnpkg.com/rollup/-/rollup-2.79.1.tgz#bedee8faef7c9f93a2647ac0108748f497f081c7"
  integrity sha512-uKxbd0IhMZOhjAiD5oAFp7BqvkA4Dv47qpOCtaNvng4HBwdbWtdOh8f5nZNuk2rp51PMGk3bzfWu5oayNEuYnw==
  optionalDependencies:
    fsevents "~2.3.2"

rw@^1.3.3:
  version "1.3.3"
  resolved "https://registry.yarnpkg.com/rw/-/rw-1.3.3.tgz#3f862dfa91ab766b14885ef4d01124bfda074fb4"
  integrity sha512-PdhdWy89SiZogBLaw42zdeqtRJ//zFd2PgQavcICDUgJT5oW10QCRKbJ6bg4r0/UY2M6BWd5tkxuGFRvCkgfHQ==

sort-asc@^0.1.0:
  version "0.1.0"
  resolved "https://registry.yarnpkg.com/sort-asc/-/sort-asc-0.1.0.tgz#ab799df61fc73ea0956c79c4b531ed1e9e7727e9"
  integrity sha512-jBgdDd+rQ+HkZF2/OHCmace5dvpos/aWQpcxuyRs9QUbPRnkEJmYVo81PIGpjIdpOcsnJ4rGjStfDHsbn+UVyw==

sort-desc@^0.1.1:
  version "0.1.1"
  resolved "https://registry.yarnpkg.com/sort-desc/-/sort-desc-0.1.1.tgz#198b8c0cdeb095c463341861e3925d4ee359a9ee"
  integrity sha512-jfZacW5SKOP97BF5rX5kQfJmRVZP5/adDUTY8fCSPvNcXDVpUEe2pr/iKGlcyZzchRJZrswnp68fgk3qBXgkJw==

sort-object@^0.3.2:
  version "0.3.2"
  resolved "https://registry.yarnpkg.com/sort-object/-/sort-object-0.3.2.tgz#98e0d199ede40e07c61a84403c61d6c3b290f9e2"
  integrity sha512-aAQiEdqFTTdsvUFxXm3umdo04J7MRljoVGbBlkH7BgNsMvVNAJyGj7C/wV1A8wHWAJj/YikeZbfuCKqhggNWGA==
  dependencies:
    sort-asc "^0.1.0"
    sort-desc "^0.1.1"

source-map-js@^1.0.2:
  version "1.0.2"
  resolved "https://registry.yarnpkg.com/source-map-js/-/source-map-js-1.0.2.tgz#adbc361d9c62df380125e7f161f71c826f1e490c"
  integrity sha512-R0XvVJ9WusLiqTCEiGCmICCMplcCkIwwR11mOSD9CR5u+IXYdiseeEuXCVAjS54zqwkLcPNnmU4OeJ6tUrWhDw==

supports-preserve-symlinks-flag@^1.0.0:
  version "1.0.0"
  resolved "https://registry.yarnpkg.com/supports-preserve-symlinks-flag/-/supports-preserve-symlinks-flag-1.0.0.tgz#6eda4bd344a3c94aea376d4cc31bc77311039e09"
  integrity sha512-ot0WnXS9fgdkgIcePe6RHNk1WA8+muPa6cSjeR3V8K27q9BB1rTE3R1p7Hv0z1ZyAc8s6Vvv8DIyWf681MAt0w==

vite@^3.2.3:
  version "3.2.3"
  resolved "https://registry.yarnpkg.com/vite/-/vite-3.2.3.tgz#7a68d9ef73eff7ee6dc0718ad3507adfc86944a7"
  integrity sha512-h8jl1TZ76eGs3o2dIBSsvXDLb1m/Ec1iej8ZMdz+PsaFUsftZeWe2CZOI3qogEsMNaywc17gu0q6cQDzh/weCQ==
  dependencies:
    esbuild "^0.15.9"
    postcss "^8.4.18"
    resolve "^1.22.1"
    rollup "^2.79.1"
  optionalDependencies:
    fsevents "~2.3.2"

web-worker@^1.2.0:
  version "1.2.0"
  resolved "https://registry.yarnpkg.com/web-worker/-/web-worker-1.2.0.tgz#5d85a04a7fbc1e7db58f66595d7a3ac7c9c180da"
  integrity sha512-PgF341avzqyx60neE9DD+XS26MMNMoUQRz9NOZwW32nPQrF6p77f1htcnjBSEV8BGMKZ16choqUG4hyI0Hx7mA==

wkt-parser@^1.3.1:
  version "1.3.2"
  resolved "https://registry.yarnpkg.com/wkt-parser/-/wkt-parser-1.3.2.tgz#deeff04a21edc5b170a60da418e9ed1d1ab0e219"
  integrity sha512-A26BOOo7sHAagyxG7iuRhnKMO7Q3mEOiOT4oGUmohtN/Li5wameeU4S6f8vWw6NADTVKljBs8bzA8JPQgSEMVQ==

xml-utils@^1.0.2:
  version "1.3.0"
  resolved "https://registry.yarnpkg.com/xml-utils/-/xml-utils-1.3.0.tgz#f1043534e3ac3deda12ddab39f8442e16da98ebb"
  integrity sha512-i4PIrX33Wd66dvwo4syicwlwmnr6wuvvn4f2ku9hA67C2Uk62Xubczuhct+Evnd12/DV71qKNeDdJwES8HX1RA==

yallist@^4.0.0:
  version "4.0.0"
  resolved "https://registry.yarnpkg.com/yallist/-/yallist-4.0.0.tgz#9bb92790d9c0effec63be73519e11a35019a3a72"
  integrity sha512-3wdGidZyq5PB084XLES5TpOSRA3wjXAlIWMhum2kRcv/41Sn2emQ0dycQW4uZXLejwKvg6EsvbdlVL+FYEct7A==
